// !$*UTF8*$!
{
	archiveVersion = 1;
	classes = {
	};
	objectVersion = 56;
	objects = {

/* Begin PBXBuildFile section */
		9A2289CF2BE51A1000570804 /* HabitTrackerApp.swift in Sources */ = {isa = PBXBuildFile; fileRef = 9A2289CE2BE51A1000570804 /* HabitTrackerApp.swift */; };
		9A2289D12BE51A1000570804 /* ContentView.swift in Sources */ = {isa = PBXBuildFile; fileRef = 9A2289D02BE51A1000570804 /* ContentView.swift */; };
		9A2289D32BE51A1400570804 /* Assets.xcassets in Resources */ = {isa = PBXBuildFile; fileRef = 9A2289D22BE51A1400570804 /* Assets.xcassets */; };
		9A2289D62BE51A1400570804 /* Preview Assets.xcassets in Resources */ = {isa = PBXBuildFile; fileRef = 9A2289D52BE51A1400570804 /* Preview Assets.xcassets */; };
		9A2289E02BE51A1400570804 /* HabitTrackerTests.swift in Sources */ = {isa = PBXBuildFile; fileRef = 9A2289DF2BE51A1400570804 /* HabitTrackerTests.swift */; };
		9A2289EA2BE51A1400570804 /* HabitTrackerUITests.swift in Sources */ = {isa = PBXBuildFile; fileRef = 9A2289E92BE51A1400570804 /* HabitTrackerUITests.swift */; };
		9A2289EC2BE51A1400570804 /* HabitTrackerUITestsLaunchTests.swift in Sources */ = {isa = PBXBuildFile; fileRef = 9A2289EB2BE51A1400570804 /* HabitTrackerUITestsLaunchTests.swift */; };
		9A2289FB2BE5346D00570804 /* HabitStore.swift in Sources */ = {isa = PBXBuildFile; fileRef = 9A2289FA2BE5346D00570804 /* HabitStore.swift */; };
		9A2289FE2BE9043B00570804 /* Home.swift in Sources */ = {isa = PBXBuildFile; fileRef = 9A2289FD2BE9043B00570804 /* Home.swift */; };
		9A228A3D2BF0FD4A00570804 /* ToastView.swift in Sources */ = {isa = PBXBuildFile; fileRef = 9A228A3C2BF0FD4A00570804 /* ToastView.swift */; };
		9A228A422BFA461C00570804 /* Persistence.swift in Sources */ = {isa = PBXBuildFile; fileRef = 9A228A412BFA461C00570804 /* Persistence.swift */; };
		9A228A482BFA53B400570804 /* AddHabitView.swift in Sources */ = {isa = PBXBuildFile; fileRef = 9A228A472BFA53B400570804 /* AddHabitView.swift */; };
		9A228A552BFA960100570804 /* HabitModel.xcdatamodeld in Sources */ = {isa = PBXBuildFile; fileRef = 9A228A532BFA960100570804 /* HabitModel.xcdatamodeld */; };
		9A228A5B2BFA9E2900570804 /* (null) in Sources */ = {isa = PBXBuildFile; };
		9A228A5D2BFB650B00570804 /* HabitView.swift in Sources */ = {isa = PBXBuildFile; fileRef = 9A228A492BFA556800570804 /* HabitView.swift */; };
/* End PBXBuildFile section */

/* Begin PBXContainerItemProxy section */
		9A2289DC2BE51A1400570804 /* PBXContainerItemProxy */ = {
			isa = PBXContainerItemProxy;
			containerPortal = 9A2289C32BE51A1000570804 /* Project object */;
			proxyType = 1;
			remoteGlobalIDString = 9A2289CA2BE51A1000570804;
			remoteInfo = HabitTracker;
		};
		9A2289E62BE51A1400570804 /* PBXContainerItemProxy */ = {
			isa = PBXContainerItemProxy;
			containerPortal = 9A2289C32BE51A1000570804 /* Project object */;
			proxyType = 1;
			remoteGlobalIDString = 9A2289CA2BE51A1000570804;
			remoteInfo = HabitTracker;
		};
/* End PBXContainerItemProxy section */

/* Begin PBXFileReference section */
		9A2289CB2BE51A1000570804 /* HabitTracker.app */ = {isa = PBXFileReference; explicitFileType = wrapper.application; includeInIndex = 0; path = HabitTracker.app; sourceTree = BUILT_PRODUCTS_DIR; };
		9A2289CE2BE51A1000570804 /* HabitTrackerApp.swift */ = {isa = PBXFileReference; lastKnownFileType = sourcecode.swift; path = HabitTrackerApp.swift; sourceTree = "<group>"; };
		9A2289D02BE51A1000570804 /* ContentView.swift */ = {isa = PBXFileReference; lastKnownFileType = sourcecode.swift; path = ContentView.swift; sourceTree = "<group>"; };
		9A2289D22BE51A1400570804 /* Assets.xcassets */ = {isa = PBXFileReference; lastKnownFileType = folder.assetcatalog; path = Assets.xcassets; sourceTree = "<group>"; };
		9A2289D52BE51A1400570804 /* Preview Assets.xcassets */ = {isa = PBXFileReference; lastKnownFileType = folder.assetcatalog; path = "Preview Assets.xcassets"; sourceTree = "<group>"; };
		9A2289DB2BE51A1400570804 /* HabitTrackerTests.xctest */ = {isa = PBXFileReference; explicitFileType = wrapper.cfbundle; includeInIndex = 0; path = HabitTrackerTests.xctest; sourceTree = BUILT_PRODUCTS_DIR; };
		9A2289DF2BE51A1400570804 /* HabitTrackerTests.swift */ = {isa = PBXFileReference; lastKnownFileType = sourcecode.swift; path = HabitTrackerTests.swift; sourceTree = "<group>"; };
		9A2289E52BE51A1400570804 /* HabitTrackerUITests.xctest */ = {isa = PBXFileReference; explicitFileType = wrapper.cfbundle; includeInIndex = 0; path = HabitTrackerUITests.xctest; sourceTree = BUILT_PRODUCTS_DIR; };
		9A2289E92BE51A1400570804 /* HabitTrackerUITests.swift */ = {isa = PBXFileReference; lastKnownFileType = sourcecode.swift; path = HabitTrackerUITests.swift; sourceTree = "<group>"; };
		9A2289EB2BE51A1400570804 /* HabitTrackerUITestsLaunchTests.swift */ = {isa = PBXFileReference; lastKnownFileType = sourcecode.swift; path = HabitTrackerUITestsLaunchTests.swift; sourceTree = "<group>"; };
		9A2289FA2BE5346D00570804 /* HabitStore.swift */ = {isa = PBXFileReference; lastKnownFileType = sourcecode.swift; path = HabitStore.swift; sourceTree = "<group>"; };
		9A2289FD2BE9043B00570804 /* Home.swift */ = {isa = PBXFileReference; lastKnownFileType = sourcecode.swift; path = Home.swift; sourceTree = "<group>"; };
		9A228A3C2BF0FD4A00570804 /* ToastView.swift */ = {isa = PBXFileReference; lastKnownFileType = sourcecode.swift; path = ToastView.swift; sourceTree = "<group>"; };
		9A228A412BFA461C00570804 /* Persistence.swift */ = {isa = PBXFileReference; lastKnownFileType = sourcecode.swift; path = Persistence.swift; sourceTree = "<group>"; };
		9A228A472BFA53B400570804 /* AddHabitView.swift */ = {isa = PBXFileReference; lastKnownFileType = sourcecode.swift; path = AddHabitView.swift; sourceTree = "<group>"; };
		9A228A492BFA556800570804 /* HabitView.swift */ = {isa = PBXFileReference; lastKnownFileType = sourcecode.swift; path = HabitView.swift; sourceTree = "<group>"; };
		9A228A542BFA960100570804 /* HabitModel.xcdatamodel */ = {isa = PBXFileReference; lastKnownFileType = wrapper.xcdatamodel; path = HabitModel.xcdatamodel; sourceTree = "<group>"; };
/* End PBXFileReference section */

/* Begin PBXFrameworksBuildPhase section */
		9A2289C82BE51A1000570804 /* Frameworks */ = {
			isa = PBXFrameworksBuildPhase;
			buildActionMask = 2147483647;
			files = (
			);
			runOnlyForDeploymentPostprocessing = 0;
		};
		9A2289D82BE51A1400570804 /* Frameworks */ = {
			isa = PBXFrameworksBuildPhase;
			buildActionMask = 2147483647;
			files = (
			);
			runOnlyForDeploymentPostprocessing = 0;
		};
		9A2289E22BE51A1400570804 /* Frameworks */ = {
			isa = PBXFrameworksBuildPhase;
			buildActionMask = 2147483647;
			files = (
			);
			runOnlyForDeploymentPostprocessing = 0;
		};
/* End PBXFrameworksBuildPhase section */

/* Begin PBXGroup section */
		9A2289C22BE51A1000570804 = {
			isa = PBXGroup;
			children = (
				9A228A532BFA960100570804 /* HabitModel.xcdatamodeld */,
				9A2289CD2BE51A1000570804 /* HabitTracker */,
				9A2289DE2BE51A1400570804 /* HabitTrackerTests */,
				9A2289E82BE51A1400570804 /* HabitTrackerUITests */,
				9A2289CC2BE51A1000570804 /* Products */,
			);
			sourceTree = "<group>";
		};
		9A2289CC2BE51A1000570804 /* Products */ = {
			isa = PBXGroup;
			children = (
				9A2289CB2BE51A1000570804 /* HabitTracker.app */,
				9A2289DB2BE51A1400570804 /* HabitTrackerTests.xctest */,
				9A2289E52BE51A1400570804 /* HabitTrackerUITests.xctest */,
			);
			name = Products;
			sourceTree = "<group>";
		};
		9A2289CD2BE51A1000570804 /* HabitTracker */ = {
			isa = PBXGroup;
			children = (
				9A2289CE2BE51A1000570804 /* HabitTrackerApp.swift */,
				9A2289D02BE51A1000570804 /* ContentView.swift */,
				9A2289D22BE51A1400570804 /* Assets.xcassets */,
				9A2289D42BE51A1400570804 /* Preview Content */,
				9A2289FD2BE9043B00570804 /* Home.swift */,
				9A2289FA2BE5346D00570804 /* HabitStore.swift */,
				9A228A3C2BF0FD4A00570804 /* ToastView.swift */,
				9A228A412BFA461C00570804 /* Persistence.swift */,
				9A228A472BFA53B400570804 /* AddHabitView.swift */,
				9A228A492BFA556800570804 /* HabitView.swift */,
			);
			path = HabitTracker;
			sourceTree = "<group>";
		};
		9A2289D42BE51A1400570804 /* Preview Content */ = {
			isa = PBXGroup;
			children = (
				9A2289D52BE51A1400570804 /* Preview Assets.xcassets */,
			);
			path = "Preview Content";
			sourceTree = "<group>";
		};
		9A2289DE2BE51A1400570804 /* HabitTrackerTests */ = {
			isa = PBXGroup;
			children = (
				9A2289DF2BE51A1400570804 /* HabitTrackerTests.swift */,
			);
			path = HabitTrackerTests;
			sourceTree = "<group>";
		};
		9A2289E82BE51A1400570804 /* HabitTrackerUITests */ = {
			isa = PBXGroup;
			children = (
				9A2289E92BE51A1400570804 /* HabitTrackerUITests.swift */,
				9A2289EB2BE51A1400570804 /* HabitTrackerUITestsLaunchTests.swift */,
			);
			path = HabitTrackerUITests;
			sourceTree = "<group>";
		};
/* End PBXGroup section */

/* Begin PBXNativeTarget section */
		9A2289CA2BE51A1000570804 /* HabitTracker */ = {
			isa = PBXNativeTarget;
			buildConfigurationList = 9A2289EF2BE51A1400570804 /* Build configuration list for PBXNativeTarget "HabitTracker" */;
			buildPhases = (
				9A2289C72BE51A1000570804 /* Sources */,
				9A2289C82BE51A1000570804 /* Frameworks */,
				9A2289C92BE51A1000570804 /* Resources */,
			);
			buildRules = (
			);
			dependencies = (
			);
			name = HabitTracker;
			productName = HabitTracker;
			productReference = 9A2289CB2BE51A1000570804 /* HabitTracker.app */;
			productType = "com.apple.product-type.application";
		};
		9A2289DA2BE51A1400570804 /* HabitTrackerTests */ = {
			isa = PBXNativeTarget;
			buildConfigurationList = 9A2289F22BE51A1400570804 /* Build configuration list for PBXNativeTarget "HabitTrackerTests" */;
			buildPhases = (
				9A2289D72BE51A1400570804 /* Sources */,
				9A2289D82BE51A1400570804 /* Frameworks */,
				9A2289D92BE51A1400570804 /* Resources */,
			);
			buildRules = (
			);
			dependencies = (
				9A2289DD2BE51A1400570804 /* PBXTargetDependency */,
			);
			name = HabitTrackerTests;
			productName = HabitTrackerTests;
			productReference = 9A2289DB2BE51A1400570804 /* HabitTrackerTests.xctest */;
			productType = "com.apple.product-type.bundle.unit-test";
		};
		9A2289E42BE51A1400570804 /* HabitTrackerUITests */ = {
			isa = PBXNativeTarget;
			buildConfigurationList = 9A2289F52BE51A1400570804 /* Build configuration list for PBXNativeTarget "HabitTrackerUITests" */;
			buildPhases = (
				9A2289E12BE51A1400570804 /* Sources */,
				9A2289E22BE51A1400570804 /* Frameworks */,
				9A2289E32BE51A1400570804 /* Resources */,
			);
			buildRules = (
			);
			dependencies = (
				9A2289E72BE51A1400570804 /* PBXTargetDependency */,
			);
			name = HabitTrackerUITests;
			productName = HabitTrackerUITests;
			productReference = 9A2289E52BE51A1400570804 /* HabitTrackerUITests.xctest */;
			productType = "com.apple.product-type.bundle.ui-testing";
		};
/* End PBXNativeTarget section */

/* Begin PBXProject section */
		9A2289C32BE51A1000570804 /* Project object */ = {
			isa = PBXProject;
			attributes = {
				BuildIndependentTargetsInParallel = 1;
				LastSwiftUpdateCheck = 1530;
				LastUpgradeCheck = 1530;
				TargetAttributes = {
					9A2289CA2BE51A1000570804 = {
						CreatedOnToolsVersion = 15.3;
					};
					9A2289DA2BE51A1400570804 = {
						CreatedOnToolsVersion = 15.3;
						TestTargetID = 9A2289CA2BE51A1000570804;
					};
					9A2289E42BE51A1400570804 = {
						CreatedOnToolsVersion = 15.3;
						TestTargetID = 9A2289CA2BE51A1000570804;
					};
				};
			};
			buildConfigurationList = 9A2289C62BE51A1000570804 /* Build configuration list for PBXProject "HabitTracker" */;
			compatibilityVersion = "Xcode 14.0";
			developmentRegion = en;
			hasScannedForEncodings = 0;
			knownRegions = (
				en,
				Base,
			);
			mainGroup = 9A2289C22BE51A1000570804;
			productRefGroup = 9A2289CC2BE51A1000570804 /* Products */;
			projectDirPath = "";
			projectRoot = "";
			targets = (
				9A2289CA2BE51A1000570804 /* HabitTracker */,
				9A2289DA2BE51A1400570804 /* HabitTrackerTests */,
				9A2289E42BE51A1400570804 /* HabitTrackerUITests */,
			);
		};
/* End PBXProject section */

/* Begin PBXResourcesBuildPhase section */
		9A2289C92BE51A1000570804 /* Resources */ = {
			isa = PBXResourcesBuildPhase;
			buildActionMask = 2147483647;
			files = (
				9A2289D62BE51A1400570804 /* Preview Assets.xcassets in Resources */,
				9A2289D32BE51A1400570804 /* Assets.xcassets in Resources */,
			);
			runOnlyForDeploymentPostprocessing = 0;
		};
		9A2289D92BE51A1400570804 /* Resources */ = {
			isa = PBXResourcesBuildPhase;
			buildActionMask = 2147483647;
			files = (
			);
			runOnlyForDeploymentPostprocessing = 0;
		};
		9A2289E32BE51A1400570804 /* Resources */ = {
			isa = PBXResourcesBuildPhase;
			buildActionMask = 2147483647;
			files = (
			);
			runOnlyForDeploymentPostprocessing = 0;
		};
/* End PBXResourcesBuildPhase section */

/* Begin PBXSourcesBuildPhase section */
		9A2289C72BE51A1000570804 /* Sources */ = {
			isa = PBXSourcesBuildPhase;
			buildActionMask = 2147483647;
			files = (
				9A2289FB2BE5346D00570804 /* HabitStore.swift in Sources */,
				9A228A422BFA461C00570804 /* Persistence.swift in Sources */,
				9A228A3D2BF0FD4A00570804 /* ToastView.swift in Sources */,
				9A228A482BFA53B400570804 /* AddHabitView.swift in Sources */,
				9A228A552BFA960100570804 /* HabitModel.xcdatamodeld in Sources */,
				9A228A5B2BFA9E2900570804 /* (null) in Sources */,
				9A2289FE2BE9043B00570804 /* Home.swift in Sources */,
				9A2289D12BE51A1000570804 /* ContentView.swift in Sources */,
				9A2289CF2BE51A1000570804 /* HabitTrackerApp.swift in Sources */,
				9A228A5D2BFB650B00570804 /* HabitView.swift in Sources */,
			);
			runOnlyForDeploymentPostprocessing = 0;
		};
		9A2289D72BE51A1400570804 /* Sources */ = {
			isa = PBXSourcesBuildPhase;
			buildActionMask = 2147483647;
			files = (
				9A2289E02BE51A1400570804 /* HabitTrackerTests.swift in Sources */,
			);
			runOnlyForDeploymentPostprocessing = 0;
		};
		9A2289E12BE51A1400570804 /* Sources */ = {
			isa = PBXSourcesBuildPhase;
			buildActionMask = 2147483647;
			files = (
				9A2289EC2BE51A1400570804 /* HabitTrackerUITestsLaunchTests.swift in Sources */,
				9A2289EA2BE51A1400570804 /* HabitTrackerUITests.swift in Sources */,
			);
			runOnlyForDeploymentPostprocessing = 0;
		};
/* End PBXSourcesBuildPhase section */

/* Begin PBXTargetDependency section */
		9A2289DD2BE51A1400570804 /* PBXTargetDependency */ = {
			isa = PBXTargetDependency;
			target = 9A2289CA2BE51A1000570804 /* HabitTracker */;
			targetProxy = 9A2289DC2BE51A1400570804 /* PBXContainerItemProxy */;
		};
		9A2289E72BE51A1400570804 /* PBXTargetDependency */ = {
			isa = PBXTargetDependency;
			target = 9A2289CA2BE51A1000570804 /* HabitTracker */;
			targetProxy = 9A2289E62BE51A1400570804 /* PBXContainerItemProxy */;
		};
/* End PBXTargetDependency section */

/* Begin XCBuildConfiguration section */
		9A2289ED2BE51A1400570804 /* Debug */ = {
			isa = XCBuildConfiguration;
			buildSettings = {
				ALWAYS_SEARCH_USER_PATHS = NO;
				ASSETCATALOG_COMPILER_GENERATE_SWIFT_ASSET_SYMBOL_EXTENSIONS = YES;
				CLANG_ANALYZER_NONNULL = YES;
				CLANG_ANALYZER_NUMBER_OBJECT_CONVERSION = YES_AGGRESSIVE;
				CLANG_CXX_LANGUAGE_STANDARD = "gnu++20";
				CLANG_ENABLE_MODULES = YES;
				CLANG_ENABLE_OBJC_ARC = YES;
				CLANG_ENABLE_OBJC_WEAK = YES;
				CLANG_WARN_BLOCK_CAPTURE_AUTORELEASING = YES;
				CLANG_WARN_BOOL_CONVERSION = YES;
				CLANG_WARN_COMMA = YES;
				CLANG_WARN_CONSTANT_CONVERSION = YES;
				CLANG_WARN_DEPRECATED_OBJC_IMPLEMENTATIONS = YES;
				CLANG_WARN_DIRECT_OBJC_ISA_USAGE = YES_ERROR;
				CLANG_WARN_DOCUMENTATION_COMMENTS = YES;
				CLANG_WARN_EMPTY_BODY = YES;
				CLANG_WARN_ENUM_CONVERSION = YES;
				CLANG_WARN_INFINITE_RECURSION = YES;
				CLANG_WARN_INT_CONVERSION = YES;
				CLANG_WARN_NON_LITERAL_NULL_CONVERSION = YES;
				CLANG_WARN_OBJC_IMPLICIT_RETAIN_SELF = YES;
				CLANG_WARN_OBJC_LITERAL_CONVERSION = YES;
				CLANG_WARN_OBJC_ROOT_CLASS = YES_ERROR;
				CLANG_WARN_QUOTED_INCLUDE_IN_FRAMEWORK_HEADER = YES;
				CLANG_WARN_RANGE_LOOP_ANALYSIS = YES;
				CLANG_WARN_STRICT_PROTOTYPES = YES;
				CLANG_WARN_SUSPICIOUS_MOVE = YES;
				CLANG_WARN_UNGUARDED_AVAILABILITY = YES_AGGRESSIVE;
				CLANG_WARN_UNREACHABLE_CODE = YES;
				CLANG_WARN__DUPLICATE_METHOD_MATCH = YES;
				COPY_PHASE_STRIP = NO;
				DEBUG_INFORMATION_FORMAT = dwarf;
				ENABLE_STRICT_OBJC_MSGSEND = YES;
				ENABLE_TESTABILITY = YES;
				ENABLE_USER_SCRIPT_SANDBOXING = YES;
				GCC_C_LANGUAGE_STANDARD = gnu17;
				GCC_DYNAMIC_NO_PIC = NO;
				GCC_NO_COMMON_BLOCKS = YES;
				GCC_OPTIMIZATION_LEVEL = 0;
				GCC_PREPROCESSOR_DEFINITIONS = (
					"DEBUG=1",
					"$(inherited)",
				);
				GCC_WARN_64_TO_32_BIT_CONVERSION = YES;
				GCC_WARN_ABOUT_RETURN_TYPE = YES_ERROR;
				GCC_WARN_UNDECLARED_SELECTOR = YES;
				GCC_WARN_UNINITIALIZED_AUTOS = YES_AGGRESSIVE;
				GCC_WARN_UNUSED_FUNCTION = YES;
				GCC_WARN_UNUSED_VARIABLE = YES;
				IPHONEOS_DEPLOYMENT_TARGET = 17.4;
				LOCALIZATION_PREFERS_STRING_CATALOGS = YES;
				MTL_ENABLE_DEBUG_INFO = INCLUDE_SOURCE;
				MTL_FAST_MATH = YES;
				ONLY_ACTIVE_ARCH = YES;
				SDKROOT = iphoneos;
				SWIFT_ACTIVE_COMPILATION_CONDITIONS = "DEBUG $(inherited)";
				SWIFT_OPTIMIZATION_LEVEL = "-Onone";
			};
			name = Debug;
		};
		9A2289EE2BE51A1400570804 /* Release */ = {
			isa = XCBuildConfiguration;
			buildSettings = {
				ALWAYS_SEARCH_USER_PATHS = NO;
				ASSETCATALOG_COMPILER_GENERATE_SWIFT_ASSET_SYMBOL_EXTENSIONS = YES;
				CLANG_ANALYZER_NONNULL = YES;
				CLANG_ANALYZER_NUMBER_OBJECT_CONVERSION = YES_AGGRESSIVE;
				CLANG_CXX_LANGUAGE_STANDARD = "gnu++20";
				CLANG_ENABLE_MODULES = YES;
				CLANG_ENABLE_OBJC_ARC = YES;
				CLANG_ENABLE_OBJC_WEAK = YES;
				CLANG_WARN_BLOCK_CAPTURE_AUTORELEASING = YES;
				CLANG_WARN_BOOL_CONVERSION = YES;
				CLANG_WARN_COMMA = YES;
				CLANG_WARN_CONSTANT_CONVERSION = YES;
				CLANG_WARN_DEPRECATED_OBJC_IMPLEMENTATIONS = YES;
				CLANG_WARN_DIRECT_OBJC_ISA_USAGE = YES_ERROR;
				CLANG_WARN_DOCUMENTATION_COMMENTS = YES;
				CLANG_WARN_EMPTY_BODY = YES;
				CLANG_WARN_ENUM_CONVERSION = YES;
				CLANG_WARN_INFINITE_RECURSION = YES;
				CLANG_WARN_INT_CONVERSION = YES;
				CLANG_WARN_NON_LITERAL_NULL_CONVERSION = YES;
				CLANG_WARN_OBJC_IMPLICIT_RETAIN_SELF = YES;
				CLANG_WARN_OBJC_LITERAL_CONVERSION = YES;
				CLANG_WARN_OBJC_ROOT_CLASS = YES_ERROR;
				CLANG_WARN_QUOTED_INCLUDE_IN_FRAMEWORK_HEADER = YES;
				CLANG_WARN_RANGE_LOOP_ANALYSIS = YES;
				CLANG_WARN_STRICT_PROTOTYPES = YES;
				CLANG_WARN_SUSPICIOUS_MOVE = YES;
				CLANG_WARN_UNGUARDED_AVAILABILITY = YES_AGGRESSIVE;
				CLANG_WARN_UNREACHABLE_CODE = YES;
				CLANG_WARN__DUPLICATE_METHOD_MATCH = YES;
				COPY_PHASE_STRIP = NO;
				DEBUG_INFORMATION_FORMAT = "dwarf-with-dsym";
				ENABLE_NS_ASSERTIONS = NO;
				ENABLE_STRICT_OBJC_MSGSEND = YES;
				ENABLE_USER_SCRIPT_SANDBOXING = YES;
				GCC_C_LANGUAGE_STANDARD = gnu17;
				GCC_NO_COMMON_BLOCKS = YES;
				GCC_WARN_64_TO_32_BIT_CONVERSION = YES;
				GCC_WARN_ABOUT_RETURN_TYPE = YES_ERROR;
				GCC_WARN_UNDECLARED_SELECTOR = YES;
				GCC_WARN_UNINITIALIZED_AUTOS = YES_AGGRESSIVE;
				GCC_WARN_UNUSED_FUNCTION = YES;
				GCC_WARN_UNUSED_VARIABLE = YES;
				IPHONEOS_DEPLOYMENT_TARGET = 17.4;
				LOCALIZATION_PREFERS_STRING_CATALOGS = YES;
				MTL_ENABLE_DEBUG_INFO = NO;
				MTL_FAST_MATH = YES;
				SDKROOT = iphoneos;
				SWIFT_COMPILATION_MODE = wholemodule;
				VALIDATE_PRODUCT = YES;
			};
			name = Release;
		};
		9A2289F02BE51A1400570804 /* Debug */ = {
			isa = XCBuildConfiguration;
			buildSettings = {
				ASSETCATALOG_COMPILER_APPICON_NAME = AppIcon;
				ASSETCATALOG_COMPILER_GLOBAL_ACCENT_COLOR_NAME = AccentColor;
				CODE_SIGN_STYLE = Automatic;
				CURRENT_PROJECT_VERSION = 1;
				DEVELOPMENT_ASSET_PATHS = "\"HabitTracker/Preview Content\"";
				DEVELOPMENT_TEAM = QB53GRCBQN;
				ENABLE_PREVIEWS = YES;
				GENERATE_INFOPLIST_FILE = YES;
				INFOPLIST_KEY_UIApplicationSceneManifest_Generation = YES;
				INFOPLIST_KEY_UIApplicationSupportsIndirectInputEvents = YES;
				INFOPLIST_KEY_UILaunchScreen_Generation = YES;
				INFOPLIST_KEY_UISupportedInterfaceOrientations_iPad = "UIInterfaceOrientationPortrait UIInterfaceOrientationPortraitUpsideDown UIInterfaceOrientationLandscapeLeft UIInterfaceOrientationLandscapeRight";
				INFOPLIST_KEY_UISupportedInterfaceOrientations_iPhone = "UIInterfaceOrientationPortrait UIInterfaceOrientationLandscapeLeft UIInterfaceOrientationLandscapeRight";
				LD_RUNPATH_SEARCH_PATHS = (
					"$(inherited)",
					"@executable_path/Frameworks",
				);
				MARKETING_VERSION = 1.0;
				PRODUCT_BUNDLE_IDENTIFIER = com.temp.HabitTracker;
				PRODUCT_NAME = "$(TARGET_NAME)";
				SWIFT_EMIT_LOC_STRINGS = YES;
				SWIFT_VERSION = 5.0;
				TARGETED_DEVICE_FAMILY = "1,2";
			};
			name = Debug;
		};
		9A2289F12BE51A1400570804 /* Release */ = {
			isa = XCBuildConfiguration;
			buildSettings = {
				ASSETCATALOG_COMPILER_APPICON_NAME = AppIcon;
				ASSETCATALOG_COMPILER_GLOBAL_ACCENT_COLOR_NAME = AccentColor;
				CODE_SIGN_STYLE = Automatic;
				CURRENT_PROJECT_VERSION = 1;
				DEVELOPMENT_ASSET_PATHS = "\"HabitTracker/Preview Content\"";
				DEVELOPMENT_TEAM = QB53GRCBQN;
				ENABLE_PREVIEWS = YES;
				GENERATE_INFOPLIST_FILE = YES;
				INFOPLIST_KEY_UIApplicationSceneManifest_Generation = YES;
				INFOPLIST_KEY_UIApplicationSupportsIndirectInputEvents = YES;
				INFOPLIST_KEY_UILaunchScreen_Generation = YES;
				INFOPLIST_KEY_UISupportedInterfaceOrientations_iPad = "UIInterfaceOrientationPortrait UIInterfaceOrientationPortraitUpsideDown UIInterfaceOrientationLandscapeLeft UIInterfaceOrientationLandscapeRight";
				INFOPLIST_KEY_UISupportedInterfaceOrientations_iPhone = "UIInterfaceOrientationPortrait UIInterfaceOrientationLandscapeLeft UIInterfaceOrientationLandscapeRight";
				LD_RUNPATH_SEARCH_PATHS = (
					"$(inherited)",
					"@executable_path/Frameworks",
				);
				MARKETING_VERSION = 1.0;
				PRODUCT_BUNDLE_IDENTIFIER = com.temp.HabitTracker;
				PRODUCT_NAME = "$(TARGET_NAME)";
				SWIFT_EMIT_LOC_STRINGS = YES;
				SWIFT_VERSION = 5.0;
				TARGETED_DEVICE_FAMILY = "1,2";
			};
			name = Release;
		};
		9A2289F32BE51A1400570804 /* Debug */ = {
			isa = XCBuildConfiguration;
			buildSettings = {
				ALWAYS_EMBED_SWIFT_STANDARD_LIBRARIES = YES;
				BUNDLE_LOADER = "$(TEST_HOST)";
				CODE_SIGN_STYLE = Automatic;
				CURRENT_PROJECT_VERSION = 1;
				DEVELOPMENT_TEAM = QB53GRCBQN;
				GENERATE_INFOPLIST_FILE = YES;
				IPHONEOS_DEPLOYMENT_TARGET = 17.4;
				MARKETING_VERSION = 1.0;
				PRODUCT_BUNDLE_IDENTIFIER = com.temp.HabitTrackerTests;
				PRODUCT_NAME = "$(TARGET_NAME)";
				SWIFT_EMIT_LOC_STRINGS = NO;
				SWIFT_VERSION = 5.0;
				TARGETED_DEVICE_FAMILY = "1,2";
				TEST_HOST = "$(BUILT_PRODUCTS_DIR)/HabitTracker.app/$(BUNDLE_EXECUTABLE_FOLDER_PATH)/HabitTracker";
			};
			name = Debug;
		};
		9A2289F42BE51A1400570804 /* Release */ = {
			isa = XCBuildConfiguration;
			buildSettings = {
				ALWAYS_EMBED_SWIFT_STANDARD_LIBRARIES = YES;
				BUNDLE_LOADER = "$(TEST_HOST)";
				CODE_SIGN_STYLE = Automatic;
				CURRENT_PROJECT_VERSION = 1;
				DEVELOPMENT_TEAM = QB53GRCBQN;
				GENERATE_INFOPLIST_FILE = YES;
				IPHONEOS_DEPLOYMENT_TARGET = 17.4;
				MARKETING_VERSION = 1.0;
				PRODUCT_BUNDLE_IDENTIFIER = com.temp.HabitTrackerTests;
				PRODUCT_NAME = "$(TARGET_NAME)";
				SWIFT_EMIT_LOC_STRINGS = NO;
				SWIFT_VERSION = 5.0;
				TARGETED_DEVICE_FAMILY = "1,2";
				TEST_HOST = "$(BUILT_PRODUCTS_DIR)/HabitTracker.app/$(BUNDLE_EXECUTABLE_FOLDER_PATH)/HabitTracker";
			};
			name = Release;
		};
		9A2289F62BE51A1400570804 /* Debug */ = {
			isa = XCBuildConfiguration;
			buildSettings = {
				ALWAYS_EMBED_SWIFT_STANDARD_LIBRARIES = YES;
				CODE_SIGN_STYLE = Automatic;
				CURRENT_PROJECT_VERSION = 1;
				DEVELOPMENT_TEAM = QB53GRCBQN;
				GENERATE_INFOPLIST_FILE = YES;
				MARKETING_VERSION = 1.0;
				PRODUCT_BUNDLE_IDENTIFIER = com.temp.HabitTrackerUITests;
				PRODUCT_NAME = "$(TARGET_NAME)";
				SWIFT_EMIT_LOC_STRINGS = NO;
				SWIFT_VERSION = 5.0;
				TARGETED_DEVICE_FAMILY = "1,2";
				TEST_TARGET_NAME = HabitTracker;
			};
			name = Debug;
		};
		9A2289F72BE51A1400570804 /* Release */ = {
			isa = XCBuildConfiguration;
			buildSettings = {
				ALWAYS_EMBED_SWIFT_STANDARD_LIBRARIES = YES;
				CODE_SIGN_STYLE = Automatic;
				CURRENT_PROJECT_VERSION = 1;
				DEVELOPMENT_TEAM = QB53GRCBQN;
				GENERATE_INFOPLIST_FILE = YES;
				MARKETING_VERSION = 1.0;
				PRODUCT_BUNDLE_IDENTIFIER = com.temp.HabitTrackerUITests;
				PRODUCT_NAME = "$(TARGET_NAME)";
				SWIFT_EMIT_LOC_STRINGS = NO;
				SWIFT_VERSION = 5.0;
				TARGETED_DEVICE_FAMILY = "1,2";
				TEST_TARGET_NAME = HabitTracker;
			};
			name = Release;
		};
/* End XCBuildConfiguration section */

/* Begin XCConfigurationList section */
		9A2289C62BE51A1000570804 /* Build configuration list for PBXProject "HabitTracker" */ = {
			isa = XCConfigurationList;
			buildConfigurations = (
				9A2289ED2BE51A1400570804 /* Debug */,
				9A2289EE2BE51A1400570804 /* Release */,
			);
			defaultConfigurationIsVisible = 0;
			defaultConfigurationName = Release;
		};
		9A2289EF2BE51A1400570804 /* Build configuration list for PBXNativeTarget "HabitTracker" */ = {
			isa = XCConfigurationList;
			buildConfigurations = (
				9A2289F02BE51A1400570804 /* Debug */,
				9A2289F12BE51A1400570804 /* Release */,
			);
			defaultConfigurationIsVisible = 0;
			defaultConfigurationName = Release;
		};
		9A2289F22BE51A1400570804 /* Build configuration list for PBXNativeTarget "HabitTrackerTests" */ = {
			isa = XCConfigurationList;
			buildConfigurations = (
				9A2289F32BE51A1400570804 /* Debug */,
				9A2289F42BE51A1400570804 /* Release */,
			);
			defaultConfigurationIsVisible = 0;
			defaultConfigurationName = Release;
		};
		9A2289F52BE51A1400570804 /* Build configuration list for PBXNativeTarget "HabitTrackerUITests" */ = {
			isa = XCConfigurationList;
			buildConfigurations = (
				9A2289F62BE51A1400570804 /* Debug */,
				9A2289F72BE51A1400570804 /* Release */,
			);
			defaultConfigurationIsVisible = 0;
			defaultConfigurationName = Release;
		};
/* End XCConfigurationList section */

/* Begin XCVersionGroup section */
		9A228A532BFA960100570804 /* HabitModel.xcdatamodeld */ = {
			isa = XCVersionGroup;
			children = (
				9A228A542BFA960100570804 /* HabitModel.xcdatamodel */,
			);
			currentVersion = 9A228A542BFA960100570804 /* HabitModel.xcdatamodel */;
			name = HabitModel.xcdatamodeld;
			path = /Users/weda/Desktop/HabitTracker/HabitModel.xcdatamodeld;
			sourceTree = "<group>";
			versionGroupType = wrapper.xcdatamodel;
		};
/* End XCVersionGroup section */
	};
	rootObject = 9A2289C32BE51A1000570804 /* Project object */;
}
